{
    "_readme": [
        "This file locks the dependencies of your project to a known state",
        "Read more about it at https://getcomposer.org/doc/01-basic-usage.md#installing-dependencies",
        "This file is @generated automatically"
    ],
    "content-hash": "24ba2c54b9f53e80df51520647690773",
    "packages": [
        {
            "name": "simple-cli/simple-cli",
            "version": "dev-feature/self-update",
            "source": {
                "type": "git",
                "url": "https://github.com/kylekatarnls/simple-cli.git",
                "reference": "819ba07dd86406467fcc0665269c22de006a70fa"
            },
            "dist": {
                "type": "zip",
                "url": "https://api.github.com/repos/kylekatarnls/simple-cli/zipball/819ba07dd86406467fcc0665269c22de006a70fa",
                "reference": "819ba07dd86406467fcc0665269c22de006a70fa",
                "shasum": ""
            },
            "require": {
                "php": "^8.0"
            },
            "require-dev": {
                "friendsofphp/php-cs-fixer": "^3.4.0",
                "pdepend/pdepend": "dev-fix/traits-collision as 2.11.0",
                "phan/phan": "^5.3.1",
                "phpmd/phpmd": "^2.11.1",
                "phpstan/phpstan": "^1.2.0",
                "phpunit/phpunit": "^9.5.10",
                "squizlabs/php_codesniffer": "^3.5.8",
                "vimeo/psalm": "^4.13.1"
            },
            "bin": [
                "bin/simple-cli"
            ],
            "type": "library",
            "extra": {
                "branch-alias": {
                    "dev-1.x": "1.x-dev",
                    "dev-master": "2.x-dev"
                }
            },
            "autoload": {
                "psr-4": {
                    "SimpleCli\\": "src/SimpleCli/"
                }
            },
            "notification-url": "https://packagist.org/downloads/",
            "license": [
                "MIT"
            ],
            "authors": [
                {
                    "name": "KyleK",
                    "email": "kylekatarnls@gmail.com"
                }
            ],
            "description": "A simple command line framework",
            "support": {
                "issues": "https://github.com/kylekatarnls/simple-cli/issues",
                "source": "https://github.com/kylekatarnls/simple-cli/tree/feature/self-update"
            },
            "funding": [
                {
                    "url": "https://tidelift.com/funding/github/packagist/simple-cli/simple-cli",
                    "type": "tidelift"
                }
            ],
            "time": "2021-12-31T16:11:11+00:00"
        }
    ],
    "packages-dev": [],
    "aliases": [],
    "minimum-stability": "dev",
    "stability-flags": {
        "simple-cli/simple-cli": 20
    },
    "prefer-stable": false,
    "prefer-lowest": false,
    "platform": [],
    "platform-dev": [],
    "plugin-api-version": "2.2.0"
}
